
Microsoft Visual Studio Solution File, Format Version 12.00
# Visual Studio 15
VisualStudioVersion = 15.0.27428.1
MinimumVisualStudioVersion = 10.0.40219.1
Project("{FAE04EC0-301F-11D3-BF4B-00C04F79EFBC}") = "MergeSortAlgorithm", "MergeSortAlgorithm\MergeSortAlgorithm.csproj", "{0A31F96C-78E4-474C-8AAB-4540C9708D70}"
EndProject
Project("{FAE04EC0-301F-11D3-BF4B-00C04F79EFBC}") = "Model", "Model\Model.csproj", "{75D4DB9A-A633-4B35-8014-FEA8DA5CB5E1}"
EndProject
Project("{FAE04EC0-301F-11D3-BF4B-00C04F79EFBC}") = "ConsoleApp1", "ConsoleApp1\ConsoleApp1.csproj", "{EC910BEB-B415-4A5F-8315-3D2E6996E1A5}"
EndProject
Project("{FAE04EC0-301F-11D3-BF4B-00C04F79EFBC}") = "MyQueue", "MyQueue\MyQueue.csproj", "{81C061AE-80A2-46D3-84D0-F3B4CDAA3674}"
EndProject
Global
	GlobalSection(SolutionConfigurationPlatforms) = preSolution
		Debug|Any CPU = Debug|Any CPU
		Release|Any CPU = Release|Any CPU
	EndGlobalSection
	GlobalSection(ProjectConfigurationPlatforms) = postSolution
		{0A31F96C-78E4-474C-8AAB-4540C9708D70}.Debug|Any CPU.ActiveCfg = Debug|Any CPU
		{0A31F96C-78E4-474C-8AAB-4540C9708D70}.Debug|Any CPU.Build.0 = Debug|Any CPU
		{0A31F96C-78E4-474C-8AAB-4540C9708D70}.Release|Any CPU.ActiveCfg = Release|Any CPU
		{0A31F96C-78E4-474C-8AAB-4540C9708D70}.Release|Any CPU.Build.0 = Release|Any CPU
		{75D4DB9A-A633-4B35-8014-FEA8DA5CB5E1}.Debug|Any CPU.ActiveCfg = Debug|Any CPU
		{75D4DB9A-A633-4B35-8014-FEA8DA5CB5E1}.Debug|Any CPU.Build.0 = Debug|Any CPU
		{75D4DB9A-A633-4B35-8014-FEA8DA5CB5E1}.Release|Any CPU.ActiveCfg = Release|Any CPU
		{75D4DB9A-A633-4B35-8014-FEA8DA5CB5E1}.Release|Any CPU.Build.0 = Release|Any CPU
		{EC910BEB-B415-4A5F-8315-3D2E6996E1A5}.Debug|Any CPU.ActiveCfg = Debug|Any CPU
		{EC910BEB-B415-4A5F-8315-3D2E6996E1A5}.Debug|Any CPU.Build.0 = Debug|Any CPU
		{EC910BEB-B415-4A5F-8315-3D2E6996E1A5}.Release|Any CPU.ActiveCfg = Release|Any CPU
		{EC910BEB-B415-4A5F-8315-3D2E6996E1A5}.Release|Any CPU.Build.0 = Release|Any CPU
		{81C061AE-80A2-46D3-84D0-F3B4CDAA3674}.Debug|Any CPU.ActiveCfg = Debug|Any CPU
		{81C061AE-80A2-46D3-84D0-F3B4CDAA3674}.Debug|Any CPU.Build.0 = Debug|Any CPU
		{81C061AE-80A2-46D3-84D0-F3B4CDAA3674}.Release|Any CPU.ActiveCfg = Release|Any CPU
		{81C061AE-80A2-46D3-84D0-F3B4CDAA3674}.Release|Any CPU.Build.0 = Release|Any CPU
	EndGlobalSection
	GlobalSection(SolutionProperties) = preSolution
		HideSolutionNode = FALSE
	EndGlobalSection
	GlobalSection(ExtensibilityGlobals) = postSolution
		SolutionGuid = {E8C042DE-A419-4E7E-82C2-312CE0D4E02D}
	EndGlobalSection
EndGlobal
