
Microsoft Visual Studio Solution File, Format Version 12.00
# Visual Studio 15
VisualStudioVersion = 15.0.27428.1
MinimumVisualStudioVersion = 10.0.40219.1
Project("{FAE04EC0-301F-11D3-BF4B-00C04F79EFBC}") = "CountdownClock", "CountdownClock\CountdownClock.csproj", "{7CE30135-9165-4B81-94C0-AAC802D9D7F3}"
EndProject
Project("{FAE04EC0-301F-11D3-BF4B-00C04F79EFBC}") = "CountdownClockCUI", "CountdownClockCUI\CountdownClockCUI.csproj", "{52E833B4-D159-43DB-BCFD-93A79700C3ED}"
EndProject
Project("{FAE04EC0-301F-11D3-BF4B-00C04F79EFBC}") = "Queue", "Queue\Queue.csproj", "{24FB8EF3-E679-413E-9E9F-88E6FFFAA3AD}"
EndProject
Project("{FAE04EC0-301F-11D3-BF4B-00C04F79EFBC}") = "BinarySearch", "BinarySearch\BinarySearch.csproj", "{7A5791D2-5FAF-4211-81DE-E937BD3791EC}"
EndProject
Project("{FAE04EC0-301F-11D3-BF4B-00C04F79EFBC}") = "Fibonacci", "Fibonacci\Fibonacci.csproj", "{FB7E0E08-373C-4999-80FF-F8D6E6B45C24}"
EndProject
Project("{FAE04EC0-301F-11D3-BF4B-00C04F79EFBC}") = "Fibonacci.Tests", "Fibonacci.Tests\Fibonacci.Tests.csproj", "{C6CB1A29-0A12-4431-B233-EA41D623F04B}"
EndProject
Project("{FAE04EC0-301F-11D3-BF4B-00C04F79EFBC}") = "BinarySearch.Tests", "BinarySearch.Tests\BinarySearch.Tests.csproj", "{47B378E9-AECE-4430-8335-42B6087F7FAE}"
EndProject
Project("{FAE04EC0-301F-11D3-BF4B-00C04F79EFBC}") = "Queue.Tests", "Queue.Tests\Queue.Tests.csproj", "{EE6B3AFE-AEAD-43A5-85B3-EB4952F7CC98}"
EndProject
Global
	GlobalSection(SolutionConfigurationPlatforms) = preSolution
		Debug|Any CPU = Debug|Any CPU
		Release|Any CPU = Release|Any CPU
	EndGlobalSection
	GlobalSection(ProjectConfigurationPlatforms) = postSolution
		{7CE30135-9165-4B81-94C0-AAC802D9D7F3}.Debug|Any CPU.ActiveCfg = Debug|Any CPU
		{7CE30135-9165-4B81-94C0-AAC802D9D7F3}.Debug|Any CPU.Build.0 = Debug|Any CPU
		{7CE30135-9165-4B81-94C0-AAC802D9D7F3}.Release|Any CPU.ActiveCfg = Release|Any CPU
		{7CE30135-9165-4B81-94C0-AAC802D9D7F3}.Release|Any CPU.Build.0 = Release|Any CPU
		{52E833B4-D159-43DB-BCFD-93A79700C3ED}.Debug|Any CPU.ActiveCfg = Debug|Any CPU
		{52E833B4-D159-43DB-BCFD-93A79700C3ED}.Debug|Any CPU.Build.0 = Debug|Any CPU
		{52E833B4-D159-43DB-BCFD-93A79700C3ED}.Release|Any CPU.ActiveCfg = Release|Any CPU
		{52E833B4-D159-43DB-BCFD-93A79700C3ED}.Release|Any CPU.Build.0 = Release|Any CPU
		{24FB8EF3-E679-413E-9E9F-88E6FFFAA3AD}.Debug|Any CPU.ActiveCfg = Debug|Any CPU
		{24FB8EF3-E679-413E-9E9F-88E6FFFAA3AD}.Debug|Any CPU.Build.0 = Debug|Any CPU
		{24FB8EF3-E679-413E-9E9F-88E6FFFAA3AD}.Release|Any CPU.ActiveCfg = Release|Any CPU
		{24FB8EF3-E679-413E-9E9F-88E6FFFAA3AD}.Release|Any CPU.Build.0 = Release|Any CPU
		{7A5791D2-5FAF-4211-81DE-E937BD3791EC}.Debug|Any CPU.ActiveCfg = Debug|Any CPU
		{7A5791D2-5FAF-4211-81DE-E937BD3791EC}.Debug|Any CPU.Build.0 = Debug|Any CPU
		{7A5791D2-5FAF-4211-81DE-E937BD3791EC}.Release|Any CPU.ActiveCfg = Release|Any CPU
		{7A5791D2-5FAF-4211-81DE-E937BD3791EC}.Release|Any CPU.Build.0 = Release|Any CPU
		{FB7E0E08-373C-4999-80FF-F8D6E6B45C24}.Debug|Any CPU.ActiveCfg = Debug|Any CPU
		{FB7E0E08-373C-4999-80FF-F8D6E6B45C24}.Debug|Any CPU.Build.0 = Debug|Any CPU
		{FB7E0E08-373C-4999-80FF-F8D6E6B45C24}.Release|Any CPU.ActiveCfg = Release|Any CPU
		{FB7E0E08-373C-4999-80FF-F8D6E6B45C24}.Release|Any CPU.Build.0 = Release|Any CPU
		{C6CB1A29-0A12-4431-B233-EA41D623F04B}.Debug|Any CPU.ActiveCfg = Debug|Any CPU
		{C6CB1A29-0A12-4431-B233-EA41D623F04B}.Debug|Any CPU.Build.0 = Debug|Any CPU
		{C6CB1A29-0A12-4431-B233-EA41D623F04B}.Release|Any CPU.ActiveCfg = Release|Any CPU
		{C6CB1A29-0A12-4431-B233-EA41D623F04B}.Release|Any CPU.Build.0 = Release|Any CPU
		{47B378E9-AECE-4430-8335-42B6087F7FAE}.Debug|Any CPU.ActiveCfg = Debug|Any CPU
		{47B378E9-AECE-4430-8335-42B6087F7FAE}.Debug|Any CPU.Build.0 = Debug|Any CPU
		{47B378E9-AECE-4430-8335-42B6087F7FAE}.Release|Any CPU.ActiveCfg = Release|Any CPU
		{47B378E9-AECE-4430-8335-42B6087F7FAE}.Release|Any CPU.Build.0 = Release|Any CPU
		{EE6B3AFE-AEAD-43A5-85B3-EB4952F7CC98}.Debug|Any CPU.ActiveCfg = Debug|Any CPU
		{EE6B3AFE-AEAD-43A5-85B3-EB4952F7CC98}.Debug|Any CPU.Build.0 = Debug|Any CPU
		{EE6B3AFE-AEAD-43A5-85B3-EB4952F7CC98}.Release|Any CPU.ActiveCfg = Release|Any CPU
		{EE6B3AFE-AEAD-43A5-85B3-EB4952F7CC98}.Release|Any CPU.Build.0 = Release|Any CPU
	EndGlobalSection
	GlobalSection(SolutionProperties) = preSolution
		HideSolutionNode = FALSE
	EndGlobalSection
	GlobalSection(ExtensibilityGlobals) = postSolution
		SolutionGuid = {98A34EC5-DBEC-499C-BDF5-48FF29550D7F}
	EndGlobalSection
EndGlobal
