
Microsoft Visual Studio Solution File, Format Version 12.00
# Visual Studio 15
VisualStudioVersion = 15.0.27428.1
MinimumVisualStudioVersion = 10.0.40219.1
Project("{FAE04EC0-301F-11D3-BF4B-00C04F79EFBC}") = "BasicCoding", "BasicCoding\BasicCoding.csproj", "{19BFA117-4B33-443A-9CA8-0A7DC4DAAD33}"
EndProject
Project("{FAE04EC0-301F-11D3-BF4B-00C04F79EFBC}") = "BasicCoding.Tests", "BasicCoding.Tests\BasicCoding.Tests.csproj", "{A98DEC90-34AA-4B9B-8711-C61EAFC5C0BE}"
EndProject
Project("{FAE04EC0-301F-11D3-BF4B-00C04F79EFBC}") = "BasicCoding.NUnitTests", "BasicCoding.NUnitTests\BasicCoding.NUnitTests.csproj", "{23F86ED4-AFE7-4148-A749-9BF7B2513293}"
EndProject
Global
	GlobalSection(SolutionConfigurationPlatforms) = preSolution
		Debug|Any CPU = Debug|Any CPU
		Release|Any CPU = Release|Any CPU
	EndGlobalSection
	GlobalSection(ProjectConfigurationPlatforms) = postSolution
		{19BFA117-4B33-443A-9CA8-0A7DC4DAAD33}.Debug|Any CPU.ActiveCfg = Debug|Any CPU
		{19BFA117-4B33-443A-9CA8-0A7DC4DAAD33}.Debug|Any CPU.Build.0 = Debug|Any CPU
		{19BFA117-4B33-443A-9CA8-0A7DC4DAAD33}.Release|Any CPU.ActiveCfg = Release|Any CPU
		{19BFA117-4B33-443A-9CA8-0A7DC4DAAD33}.Release|Any CPU.Build.0 = Release|Any CPU
		{A98DEC90-34AA-4B9B-8711-C61EAFC5C0BE}.Debug|Any CPU.ActiveCfg = Debug|Any CPU
		{A98DEC90-34AA-4B9B-8711-C61EAFC5C0BE}.Debug|Any CPU.Build.0 = Debug|Any CPU
		{A98DEC90-34AA-4B9B-8711-C61EAFC5C0BE}.Release|Any CPU.ActiveCfg = Release|Any CPU
		{A98DEC90-34AA-4B9B-8711-C61EAFC5C0BE}.Release|Any CPU.Build.0 = Release|Any CPU
		{23F86ED4-AFE7-4148-A749-9BF7B2513293}.Debug|Any CPU.ActiveCfg = Debug|Any CPU
		{23F86ED4-AFE7-4148-A749-9BF7B2513293}.Debug|Any CPU.Build.0 = Debug|Any CPU
		{23F86ED4-AFE7-4148-A749-9BF7B2513293}.Release|Any CPU.ActiveCfg = Release|Any CPU
		{23F86ED4-AFE7-4148-A749-9BF7B2513293}.Release|Any CPU.Build.0 = Release|Any CPU
	EndGlobalSection
	GlobalSection(SolutionProperties) = preSolution
		HideSolutionNode = FALSE
	EndGlobalSection
	GlobalSection(ExtensibilityGlobals) = postSolution
		SolutionGuid = {416B56C0-D900-4EAC-A585-6D4EB2915D1D}
	EndGlobalSection
EndGlobal
