
Microsoft Visual Studio Solution File, Format Version 12.00
# Visual Studio 15
VisualStudioVersion = 15.0.27428.1
MinimumVisualStudioVersion = 10.0.40219.1
Project("{FAE04EC0-301F-11D3-BF4B-00C04F79EFBC}") = "Task2", "Task2\Task2.csproj", "{3859A28D-6024-45CA-9B0E-205540040038}"
EndProject
Project("{FAE04EC0-301F-11D3-BF4B-00C04F79EFBC}") = "Task2.Tests", "Task2.Tests\Task2.Tests.csproj", "{7F71302B-D975-4931-B1A3-567581A59E81}"
EndProject
Project("{FAE04EC0-301F-11D3-BF4B-00C04F79EFBC}") = "Task3", "Task3\Task3.csproj", "{22C7543B-B01F-4F2D-B017-EFAF8AC292F6}"
EndProject
Project("{FAE04EC0-301F-11D3-BF4B-00C04F79EFBC}") = "Task3.Tests", "Task3.Tests\Task3.Tests.csproj", "{E6AA4AFB-BCC1-45AE-A36C-B59EEB1CF3C6}"
EndProject
Project("{FAE04EC0-301F-11D3-BF4B-00C04F79EFBC}") = "Task4", "Task4\Task4.csproj", "{06AD8B5B-3D37-4547-BFF7-E529104DE4A3}"
EndProject
Project("{FAE04EC0-301F-11D3-BF4B-00C04F79EFBC}") = "Task4.Tests", "Task4.Tests\Task4.Tests.csproj", "{B8D8B434-2954-4F4D-AEFA-190375164268}"
EndProject
Global
	GlobalSection(SolutionConfigurationPlatforms) = preSolution
		Debug|Any CPU = Debug|Any CPU
		Release|Any CPU = Release|Any CPU
	EndGlobalSection
	GlobalSection(ProjectConfigurationPlatforms) = postSolution
		{3859A28D-6024-45CA-9B0E-205540040038}.Debug|Any CPU.ActiveCfg = Debug|Any CPU
		{3859A28D-6024-45CA-9B0E-205540040038}.Debug|Any CPU.Build.0 = Debug|Any CPU
		{3859A28D-6024-45CA-9B0E-205540040038}.Release|Any CPU.ActiveCfg = Release|Any CPU
		{3859A28D-6024-45CA-9B0E-205540040038}.Release|Any CPU.Build.0 = Release|Any CPU
		{7F71302B-D975-4931-B1A3-567581A59E81}.Debug|Any CPU.ActiveCfg = Debug|Any CPU
		{7F71302B-D975-4931-B1A3-567581A59E81}.Debug|Any CPU.Build.0 = Debug|Any CPU
		{7F71302B-D975-4931-B1A3-567581A59E81}.Release|Any CPU.ActiveCfg = Release|Any CPU
		{7F71302B-D975-4931-B1A3-567581A59E81}.Release|Any CPU.Build.0 = Release|Any CPU
		{22C7543B-B01F-4F2D-B017-EFAF8AC292F6}.Debug|Any CPU.ActiveCfg = Debug|Any CPU
		{22C7543B-B01F-4F2D-B017-EFAF8AC292F6}.Debug|Any CPU.Build.0 = Debug|Any CPU
		{22C7543B-B01F-4F2D-B017-EFAF8AC292F6}.Release|Any CPU.ActiveCfg = Release|Any CPU
		{22C7543B-B01F-4F2D-B017-EFAF8AC292F6}.Release|Any CPU.Build.0 = Release|Any CPU
		{E6AA4AFB-BCC1-45AE-A36C-B59EEB1CF3C6}.Debug|Any CPU.ActiveCfg = Debug|Any CPU
		{E6AA4AFB-BCC1-45AE-A36C-B59EEB1CF3C6}.Debug|Any CPU.Build.0 = Debug|Any CPU
		{E6AA4AFB-BCC1-45AE-A36C-B59EEB1CF3C6}.Release|Any CPU.ActiveCfg = Release|Any CPU
		{E6AA4AFB-BCC1-45AE-A36C-B59EEB1CF3C6}.Release|Any CPU.Build.0 = Release|Any CPU
		{06AD8B5B-3D37-4547-BFF7-E529104DE4A3}.Debug|Any CPU.ActiveCfg = Debug|Any CPU
		{06AD8B5B-3D37-4547-BFF7-E529104DE4A3}.Debug|Any CPU.Build.0 = Debug|Any CPU
		{06AD8B5B-3D37-4547-BFF7-E529104DE4A3}.Release|Any CPU.ActiveCfg = Release|Any CPU
		{06AD8B5B-3D37-4547-BFF7-E529104DE4A3}.Release|Any CPU.Build.0 = Release|Any CPU
		{B8D8B434-2954-4F4D-AEFA-190375164268}.Debug|Any CPU.ActiveCfg = Debug|Any CPU
		{B8D8B434-2954-4F4D-AEFA-190375164268}.Debug|Any CPU.Build.0 = Debug|Any CPU
		{B8D8B434-2954-4F4D-AEFA-190375164268}.Release|Any CPU.ActiveCfg = Release|Any CPU
		{B8D8B434-2954-4F4D-AEFA-190375164268}.Release|Any CPU.Build.0 = Release|Any CPU
	EndGlobalSection
	GlobalSection(SolutionProperties) = preSolution
		HideSolutionNode = FALSE
	EndGlobalSection
	GlobalSection(ExtensibilityGlobals) = postSolution
		SolutionGuid = {C6CC4131-F8FB-4B17-93BD-0F33FD4A7DA4}
	EndGlobalSection
EndGlobal
